
Microsoft Visual Studio Solution File, Format Version 12.00
# Visual Studio 14
VisualStudioVersion = 14.0.25420.1
MinimumVisualStudioVersion = 10.0.40219.1
Project("{8BC9CEB8-8B4A-11D0-8D11-00A0C91BC942}") = "1_자료구조론", "1_자료구조론\1_자료구조론.vcxproj", "{DD33C181-F97A-4AC6-A4F9-FBB4E4213E65}"
EndProject
Project("{8BC9CEB8-8B4A-11D0-8D11-00A0C91BC942}") = "도서관리_이중연결리스트", "도서관리_이중연결리스트\도서관리_이중연결리스트.vcxproj", "{7A9E7170-97B1-4EEF-9893-23CB27605140}"
EndProject
Project("{8BC9CEB8-8B4A-11D0-8D11-00A0C91BC942}") = "콘솔워드", "콘솔워드\콘솔워드.vcxproj", "{994943A2-86A2-48A3-9487-EAB665699CBE}"
EndProject
Global
	GlobalSection(SolutionConfigurationPlatforms) = preSolution
		Debug|x64 = Debug|x64
		Debug|x86 = Debug|x86
		Release|x64 = Release|x64
		Release|x86 = Release|x86
	EndGlobalSection
	GlobalSection(ProjectConfigurationPlatforms) = postSolution
		{DD33C181-F97A-4AC6-A4F9-FBB4E4213E65}.Debug|x64.ActiveCfg = Debug|x64
		{DD33C181-F97A-4AC6-A4F9-FBB4E4213E65}.Debug|x64.Build.0 = Debug|x64
		{DD33C181-F97A-4AC6-A4F9-FBB4E4213E65}.Debug|x86.ActiveCfg = Debug|Win32
		{DD33C181-F97A-4AC6-A4F9-FBB4E4213E65}.Debug|x86.Build.0 = Debug|Win32
		{DD33C181-F97A-4AC6-A4F9-FBB4E4213E65}.Release|x64.ActiveCfg = Release|x64
		{DD33C181-F97A-4AC6-A4F9-FBB4E4213E65}.Release|x64.Build.0 = Release|x64
		{DD33C181-F97A-4AC6-A4F9-FBB4E4213E65}.Release|x86.ActiveCfg = Release|Win32
		{DD33C181-F97A-4AC6-A4F9-FBB4E4213E65}.Release|x86.Build.0 = Release|Win32
		{7A9E7170-97B1-4EEF-9893-23CB27605140}.Debug|x64.ActiveCfg = Debug|x64
		{7A9E7170-97B1-4EEF-9893-23CB27605140}.Debug|x64.Build.0 = Debug|x64
		{7A9E7170-97B1-4EEF-9893-23CB27605140}.Debug|x86.ActiveCfg = Debug|Win32
		{7A9E7170-97B1-4EEF-9893-23CB27605140}.Debug|x86.Build.0 = Debug|Win32
		{7A9E7170-97B1-4EEF-9893-23CB27605140}.Release|x64.ActiveCfg = Release|x64
		{7A9E7170-97B1-4EEF-9893-23CB27605140}.Release|x64.Build.0 = Release|x64
		{7A9E7170-97B1-4EEF-9893-23CB27605140}.Release|x86.ActiveCfg = Release|Win32
		{7A9E7170-97B1-4EEF-9893-23CB27605140}.Release|x86.Build.0 = Release|Win32
		{994943A2-86A2-48A3-9487-EAB665699CBE}.Debug|x64.ActiveCfg = Debug|x64
		{994943A2-86A2-48A3-9487-EAB665699CBE}.Debug|x64.Build.0 = Debug|x64
		{994943A2-86A2-48A3-9487-EAB665699CBE}.Debug|x86.ActiveCfg = Debug|Win32
		{994943A2-86A2-48A3-9487-EAB665699CBE}.Debug|x86.Build.0 = Debug|Win32
		{994943A2-86A2-48A3-9487-EAB665699CBE}.Release|x64.ActiveCfg = Release|x64
		{994943A2-86A2-48A3-9487-EAB665699CBE}.Release|x64.Build.0 = Release|x64
		{994943A2-86A2-48A3-9487-EAB665699CBE}.Release|x86.ActiveCfg = Release|Win32
		{994943A2-86A2-48A3-9487-EAB665699CBE}.Release|x86.Build.0 = Release|Win32
	EndGlobalSection
	GlobalSection(SolutionProperties) = preSolution
		HideSolutionNode = FALSE
	EndGlobalSection
EndGlobal
